
Microsoft Visual Studio Solution File, Format Version 12.00
# Visual Studio Version 17
VisualStudioVersion = 17.0.32126.317
MinimumVisualStudioVersion = 10.0.40219.1
Project("{8BC9CEB8-8B4A-11D0-8D11-00A0C91BC942}") = "lab02", "lab02\lab02.vcxproj", "{AC1E6A79-6E3C-4831-A22F-7687E633DD1F}"
EndProject
Project("{8BC9CEB8-8B4A-11D0-8D11-00A0C91BC942}") = "Server", "Server\Server.vcxproj", "{207A3C38-6893-433E-94CF-14466543AC3E}"
EndProject
Global
	GlobalSection(SolutionConfigurationPlatforms) = preSolution
		Debug|x64 = Debug|x64
		Debug|x86 = Debug|x86
		Release|x64 = Release|x64
		Release|x86 = Release|x86
	EndGlobalSection
	GlobalSection(ProjectConfigurationPlatforms) = postSolution
		{AC1E6A79-6E3C-4831-A22F-7687E633DD1F}.Debug|x64.ActiveCfg = Debug|x64
		{AC1E6A79-6E3C-4831-A22F-7687E633DD1F}.Debug|x64.Build.0 = Debug|x64
		{AC1E6A79-6E3C-4831-A22F-7687E633DD1F}.Debug|x86.ActiveCfg = Debug|Win32
		{AC1E6A79-6E3C-4831-A22F-7687E633DD1F}.Debug|x86.Build.0 = Debug|Win32
		{AC1E6A79-6E3C-4831-A22F-7687E633DD1F}.Release|x64.ActiveCfg = Release|x64
		{AC1E6A79-6E3C-4831-A22F-7687E633DD1F}.Release|x64.Build.0 = Release|x64
		{AC1E6A79-6E3C-4831-A22F-7687E633DD1F}.Release|x86.ActiveCfg = Release|Win32
		{AC1E6A79-6E3C-4831-A22F-7687E633DD1F}.Release|x86.Build.0 = Release|Win32
		{207A3C38-6893-433E-94CF-14466543AC3E}.Debug|x64.ActiveCfg = Debug|x64
		{207A3C38-6893-433E-94CF-14466543AC3E}.Debug|x64.Build.0 = Debug|x64
		{207A3C38-6893-433E-94CF-14466543AC3E}.Debug|x86.ActiveCfg = Debug|Win32
		{207A3C38-6893-433E-94CF-14466543AC3E}.Debug|x86.Build.0 = Debug|Win32
		{207A3C38-6893-433E-94CF-14466543AC3E}.Release|x64.ActiveCfg = Release|x64
		{207A3C38-6893-433E-94CF-14466543AC3E}.Release|x64.Build.0 = Release|x64
		{207A3C38-6893-433E-94CF-14466543AC3E}.Release|x86.ActiveCfg = Release|Win32
		{207A3C38-6893-433E-94CF-14466543AC3E}.Release|x86.Build.0 = Release|Win32
	EndGlobalSection
	GlobalSection(SolutionProperties) = preSolution
		HideSolutionNode = FALSE
	EndGlobalSection
	GlobalSection(ExtensibilityGlobals) = postSolution
		SolutionGuid = {65664916-4DBA-4B9B-8BE2-F6F82B2F696C}
	EndGlobalSection
EndGlobal
